
Microsoft Visual Studio Solution File, Format Version 12.00
# Visual Studio 15
VisualStudioVersion = 15.0.27130.2027
MinimumVisualStudioVersion = 10.0.40219.1
Project("{9092AA53-FB77-4645-B42D-1CCCA6BD08BD}") = "Nodejs_01", "Nodejs_01\Nodejs_01.njsproj", "{D4A65BF3-30E7-4CC0-9238-23F4E4ED9375}"
EndProject
Global
	GlobalSection(SolutionConfigurationPlatforms) = preSolution
		Debug|Any CPU = Debug|Any CPU
		Release|Any CPU = Release|Any CPU
	EndGlobalSection
	GlobalSection(ProjectConfigurationPlatforms) = postSolution
		{D4A65BF3-30E7-4CC0-9238-23F4E4ED9375}.Debug|Any CPU.ActiveCfg = Debug|Any CPU
		{D4A65BF3-30E7-4CC0-9238-23F4E4ED9375}.Debug|Any CPU.Build.0 = Debug|Any CPU
		{D4A65BF3-30E7-4CC0-9238-23F4E4ED9375}.Release|Any CPU.ActiveCfg = Release|Any CPU
		{D4A65BF3-30E7-4CC0-9238-23F4E4ED9375}.Release|Any CPU.Build.0 = Release|Any CPU
	EndGlobalSection
	GlobalSection(SolutionProperties) = preSolution
		HideSolutionNode = FALSE
	EndGlobalSection
	GlobalSection(ExtensibilityGlobals) = postSolution
		SolutionGuid = {E272CFED-3669-4E7F-9806-4A596296A462}
	EndGlobalSection
EndGlobal
